{
  "name": "audio-decode",
  "version": "2.0.2",
  "lockfileVersion": 2,
  "requires": true,
  "packages": {
    "": {
      "name": "audio-decode",
      "version": "2.0.2",
      "license": "MIT",
      "dependencies": {
        "@wasm-audio-decoders/flac": "^0.1.3",
        "@wasm-audio-decoders/ogg-vorbis": "^0.0.1",
        "audio-buffer": "^5.0.0",
        "audio-type": "^2.1.1",
        "mpg123-decoder": "^0.4.3",
        "node-wav": "^0.0.2",
        "ogg-opus-decoder": "^1.5.3"
      },
      "devDependencies": {
        "audio-lena": "^2.2.1",
        "audio-speaker": "^1.5.0",
        "tst": "^7.1.1"
      }
    },
    "node_modules/@eshaz/web-worker": {
      "version": "1.2.0",
      "resolved": "https://registry.npmjs.org/@eshaz/web-worker/-/web-worker-1.2.0.tgz",
      "integrity": "sha512-HWobmNKFZ8eARo39vEjkviTIISudgzrTyAqab9pOB/qNfnUPIUUMZv6+eEUUfXnkqWCLS3zreTn9YzaRvO8vIA=="
    },
    "node_modules/@wasm-audio-decoders/common": {
      "version": "6.1.0",
      "resolved": "https://registry.npmjs.org/@wasm-audio-decoders/common/-/common-6.1.0.tgz",
      "integrity": "sha512-uWjPUq8VNnNsn8KYZDwlDJFsjDKumCT9S3lADMQbcqbImch777CrrGzh7jfmFNrumpNfPNL2SGmzm5JhWHbG/g==",
      "dependencies": {
        "@eshaz/web-worker": "1.2.0"
      }
    },
    "node_modules/@wasm-audio-decoders/flac": {
      "version": "0.1.3",
      "resolved": "https://registry.npmjs.org/@wasm-audio-decoders/flac/-/flac-0.1.3.tgz",
      "integrity": "sha512-K6wdbAgH6ySXpM8RW14GBr8Htdb9Qm4bfvb3VJnvzgajaSEHIeCrgD/d5qHvPxjF3ENSHHTM0kVjo5NXUsXW2w==",
      "dependencies": {
        "@wasm-audio-decoders/common": "6.1.0",
        "codec-parser": "2.2.0"
      },
      "funding": {
        "type": "individual",
        "url": "https://github.com/sponsors/eshaz"
      }
    },
    "node_modules/@wasm-audio-decoders/ogg-vorbis": {
      "version": "0.0.1",
      "resolved": "https://registry.npmjs.org/@wasm-audio-decoders/ogg-vorbis/-/ogg-vorbis-0.0.1.tgz",
      "integrity": "sha512-Y2B1nPOW/LTfsH7hnf/uiIXt4thadB3TjM+mol4WNqnbyAaLh8+BodT0NRLi4XcDrDPfIoEkl+1zDkY40MToQA==",
      "dependencies": {
        "@wasm-audio-decoders/common": "6.1.0",
        "codec-parser": "2.2.0"
      },
      "funding": {
        "type": "individual",
        "url": "https://github.com/sponsors/eshaz"
      }
    },
    "node_modules/atob": {
      "version": "2.1.2",
      "resolved": "https://registry.npmjs.org/atob/-/atob-2.1.2.tgz",
      "integrity": "sha512-Wm6ukoaOGJi/73p/cl2GvLjTI5JM1k/O14isD73YML8StrH/7/lRFgmg8nICZgD3bZZvjwCGxtMOD3wWNAu8cg==",
      "dev": true,
      "bin": {
        "atob": "bin/atob.js"
      },
      "engines": {
        "node": ">= 4.5.0"
      }
    },
    "node_modules/audio-buffer": {
      "version": "5.0.0",
      "resolved": "https://registry.npmjs.org/audio-buffer/-/audio-buffer-5.0.0.tgz",
      "integrity": "sha512-gsDyj1wwUp8u7NBB+eW6yhLb9ICf+0eBmDX8NGaAS00w8/fLqFdxUlL5Ge/U8kB64DlQhdonxYC59dXy1J7H/w=="
    },
    "node_modules/audio-buffer-list": {
      "version": "2.0.7",
      "resolved": "https://registry.npmjs.org/audio-buffer-list/-/audio-buffer-list-2.0.7.tgz",
      "integrity": "sha512-bj4YkkuyY896C64wqEp78QwolqfEwjTtxEKjWHoZAOy1T5DmpMgU7PEndvA0KmcgEWiRoUqdnwyL2wc59vuW2A==",
      "dev": true,
      "dependencies": {
        "audio-buffer": "^3.0.0",
        "audio-buffer-utils": "^4.1.1",
        "inherits": "^2.0.3",
        "is-audio-buffer": "^1.0.5",
        "is-plain-obj": "^1.1.0",
        "negative-index": "^1.0.2",
        "object-assign": "^4.1.1"
      }
    },
    "node_modules/audio-buffer-list/node_modules/audio-buffer": {
      "version": "3.2.1",
      "resolved": "https://registry.npmjs.org/audio-buffer/-/audio-buffer-3.2.1.tgz",
      "integrity": "sha512-yQNZUatQ5dF7h4BezYLy6T9w4LHahMVXrncFZJjI+N44S3O0lEgZcicsSSdvgNk0gLii58Q4gTvSZyohYqRbfw==",
      "deprecated": "Depends on Web-Audio-API implementation. Use either web-audio-api, web-audio-js or web-audio-engine package.",
      "dev": true,
      "dependencies": {
        "audio-context": "^1.0.0",
        "buffer-to-arraybuffer": "latest",
        "is-audio-buffer": "^1.0.1",
        "is-browser": "^2.0.1",
        "is-buffer": "^1.1.0",
        "is-plain-obj": "^1.1.0"
      }
    },
    "node_modules/audio-buffer-list/node_modules/audio-buffer-utils": {
      "version": "4.3.2",
      "resolved": "https://registry.npmjs.org/audio-buffer-utils/-/audio-buffer-utils-4.3.2.tgz",
      "integrity": "sha512-4SV84QDCwatJTmsXZjMy9RyBv/vEoLp0BOkeGUX8/D7RS+daA3yCT18pp4J+MV9YUwADUoNXwzhhMnhUYQ8n3A==",
      "dev": true,
      "dependencies": {
        "audio-buffer": "^3.1.1",
        "audio-context": "^1.0.0",
        "clamp": "^1.0.1",
        "is-audio-buffer": "^1.0.0",
        "is-browser": "^2.0.1",
        "negative-index": "^1.0.2",
        "typedarray-methods": "^1.0.0"
      }
    },
    "node_modules/audio-context": {
      "version": "1.0.3",
      "resolved": "https://registry.npmjs.org/audio-context/-/audio-context-1.0.3.tgz",
      "integrity": "sha512-RH3/rM74f2ITlohhjgC7oYZVS97wtv/SEjXLCzEinnrIPIDxc39m2aFc6wmdkM0NYRKo1DMleYPMAIbnTRW0eA==",
      "deprecated": "Depends on Web-Audio-API implementation. Use either web-audio-api, web-audio-js or web-audio-engine package.",
      "dev": true
    },
    "node_modules/audio-lena": {
      "version": "2.2.1",
      "resolved": "https://registry.npmjs.org/audio-lena/-/audio-lena-2.2.1.tgz",
      "integrity": "sha512-YBQ4FQpPLbyeMiCB/Mxp1R4xfUkQKWxu7bwkPmm+peroayCJD0f32MEaLDj6LoA/PvNvRUaUnCm9seKWaM0bug==",
      "dev": true,
      "dependencies": {
        "atob": "^2.0.3"
      }
    },
    "node_modules/audio-sink": {
      "version": "1.1.6",
      "resolved": "https://registry.npmjs.org/audio-sink/-/audio-sink-1.1.6.tgz",
      "integrity": "sha512-RoaAZV7WTgAk036LXdWZ5sjqvBZ9yx6cgPbpSUVZxWLO0bKUu+WTG2f/sFuI34FvwlwI8pBP5boHgdezVYV6vg==",
      "deprecated": "Sad to admit that was wrong.",
      "dev": true,
      "optional": true,
      "dependencies": {
        "inherits": "^2.0.1",
        "xtend": "^4.0.1"
      }
    },
    "node_modules/audio-speaker": {
      "version": "1.5.1",
      "resolved": "https://registry.npmjs.org/audio-speaker/-/audio-speaker-1.5.1.tgz",
      "integrity": "sha512-FoTKQGSz9xZPOTAylfMWVKoyKZD3tcjm94AVsngkDrt7ohTVlPCX+lb0KcDD57rI0dPJprFO5GSxEbJUE3Jj+Q==",
      "dev": true,
      "dependencies": {
        "audio-through": "^2.2.3",
        "inherits": "^2.0.1",
        "is-audio-buffer": "^1.0.1",
        "pcm-util": "^2.1.0",
        "pull-stream": "^3.4.5",
        "web-audio-stream": "^3.0.1"
      },
      "optionalDependencies": {
        "audio-sink": "^1.0.2",
        "speaker": "^0.5.3"
      }
    },
    "node_modules/audio-through": {
      "version": "2.2.3",
      "resolved": "https://registry.npmjs.org/audio-through/-/audio-through-2.2.3.tgz",
      "integrity": "sha512-geifBAjr4srD/jl7ZizmKLlSs20tg7dHJnFkCr8NFrVC2QiKQLqVqylH3g4zSWDqu3RyrVsALpAQ66LnyZlBfg==",
      "deprecated": "Legacy. No audio in old node streams.",
      "dev": true,
      "dependencies": {
        "audio-buffer": "^3.1.1",
        "audio-context": "^1.0.0",
        "inherits": "^2.0.1",
        "is-audio-buffer": "^1.0.1",
        "is-promise": "^2.1.0",
        "object-assign": "^4.1.1",
        "pcm-util": "^2.0.1",
        "performance-now": "^2.1.0"
      }
    },
    "node_modules/audio-through/node_modules/audio-buffer": {
      "version": "3.2.1",
      "resolved": "https://registry.npmjs.org/audio-buffer/-/audio-buffer-3.2.1.tgz",
      "integrity": "sha512-yQNZUatQ5dF7h4BezYLy6T9w4LHahMVXrncFZJjI+N44S3O0lEgZcicsSSdvgNk0gLii58Q4gTvSZyohYqRbfw==",
      "deprecated": "Depends on Web-Audio-API implementation. Use either web-audio-api, web-audio-js or web-audio-engine package.",
      "dev": true,
      "dependencies": {
        "audio-context": "^1.0.0",
        "buffer-to-arraybuffer": "latest",
        "is-audio-buffer": "^1.0.1",
        "is-browser": "^2.0.1",
        "is-buffer": "^1.1.0",
        "is-plain-obj": "^1.1.0"
      }
    },
    "node_modules/audio-type": {
      "version": "2.1.1",
      "resolved": "https://registry.npmjs.org/audio-type/-/audio-type-2.1.1.tgz",
      "integrity": "sha512-1+gm832rCEj+SYLFRlAEwjJNa3RpLtQhnDapBCmYoISRwqfx2GLP9LpiUGIpSoGtd0XKRNipN2J+PfkIi/a8Xg==",
      "engines": {
        "node": ">=14"
      }
    },
    "node_modules/bindings": {
      "version": "1.5.0",
      "resolved": "https://registry.npmjs.org/bindings/-/bindings-1.5.0.tgz",
      "integrity": "sha512-p2q/t/mhvuOj/UeLlV6566GD/guowlr0hHxClI0W9m7MWYkL1F0hLo+0Aexs9HSPCtR1SXQ0TD3MMKrXZajbiQ==",
      "dev": true,
      "optional": true,
      "dependencies": {
        "file-uri-to-path": "1.0.0"
      }
    },
    "node_modules/buffer-alloc": {
      "version": "1.2.0",
      "resolved": "https://registry.npmjs.org/buffer-alloc/-/buffer-alloc-1.2.0.tgz",
      "integrity": "sha512-CFsHQgjtW1UChdXgbyJGtnm+O/uLQeZdtbDo8mfUgYXCHSM1wgrVxXm6bSyrUuErEb+4sYVGCzASBRot7zyrow==",
      "dev": true,
      "optional": true,
      "dependencies": {
        "buffer-alloc-unsafe": "^1.1.0",
        "buffer-fill": "^1.0.0"
      }
    },
    "node_modules/buffer-alloc-unsafe": {
      "version": "1.1.0",
      "resolved": "https://registry.npmjs.org/buffer-alloc-unsafe/-/buffer-alloc-unsafe-1.1.0.tgz",
      "integrity": "sha512-TEM2iMIEQdJ2yjPJoSIsldnleVaAk1oW3DBVUykyOLsEsFmEc9kn+SFFPz+gl54KQNxlDnAwCXosOS9Okx2xAg==",
      "dev": true,
      "optional": true
    },
    "node_modules/buffer-fill": {
      "version": "1.0.0",
      "resolved": "https://registry.npmjs.org/buffer-fill/-/buffer-fill-1.0.0.tgz",
      "integrity": "sha512-T7zexNBwiiaCOGDg9xNX9PBmjrubblRkENuptryuI64URkXDFum9il/JGL8Lm8wYfAXpredVXXZz7eMHilimiQ==",
      "dev": true,
      "optional": true
    },
    "node_modules/buffer-to-arraybuffer": {
      "version": "0.0.6",
      "resolved": "https://registry.npmjs.org/buffer-to-arraybuffer/-/buffer-to-arraybuffer-0.0.6.tgz",
      "integrity": "sha512-i/ndmmCF5QC1D75QCO1EPwYRPIVRVs2yLwkl2bc8R5P1ORHGZZAbTwmYM/vpXt7KzCe+Y57E8YPGTJywgWBNRw==",
      "dev": true
    },
    "node_modules/clamp": {
      "version": "1.0.1",
      "resolved": "https://registry.npmjs.org/clamp/-/clamp-1.0.1.tgz",
      "integrity": "sha512-kgMuFyE78OC6Dyu3Dy7vcx4uy97EIbVxJB/B0eJ3bUNAkwdNcxYzgKltnyADiYwsR7SEqkkUPsEUT//OVS6XMA==",
      "dev": true
    },
    "node_modules/codec-parser": {
      "version": "2.2.0",
      "resolved": "https://registry.npmjs.org/codec-parser/-/codec-parser-2.2.0.tgz",
      "integrity": "sha512-dD1VU8I7rmBhyWNYcwqlHIhVJ9ct3fiYRTJX8siuOxc9MMhpn0W3zuI1BUH0wtZWByb6Afe4tvM20Hcev5xqfQ=="
    },
    "node_modules/data-uri-regex": {
      "version": "0.1.4",
      "resolved": "https://registry.npmjs.org/data-uri-regex/-/data-uri-regex-0.1.4.tgz",
      "integrity": "sha512-QnJ3LVGIitKfO1wZ08l+0cpQUNdEGRDKR0kH2prNvbfBUk0zVn7A6KSTvETGqD2BI1h1CgdqY4X8bEjKu4CdXA==",
      "dev": true,
      "engines": {
        "node": ">=0.12.0"
      }
    },
    "node_modules/debug": {
      "version": "4.3.4",
      "resolved": "https://registry.npmjs.org/debug/-/debug-4.3.4.tgz",
      "integrity": "sha512-PRWFHuSU3eDtQJPvnNY7Jcket1j0t5OuOsFzPPzsekD52Zl8qUfFIPEiswXqIvHWGVHOgX+7G/vCNNhehwxfkQ==",
      "dev": true,
      "optional": true,
      "dependencies": {
        "ms": "2.1.2"
      },
      "engines": {
        "node": ">=6.0"
      },
      "peerDependenciesMeta": {
        "supports-color": {
          "optional": true
        }
      }
    },
    "node_modules/file-uri-to-path": {
      "version": "1.0.0",
      "resolved": "https://registry.npmjs.org/file-uri-to-path/-/file-uri-to-path-1.0.0.tgz",
      "integrity": "sha512-0Zt+s3L7Vf1biwWZ29aARiVYLx7iMGnEUl9x33fbB/j3jR81u/O2LbqK+Bm1CDSNDKVtJ/YjwY7TUd5SkeLQLw==",
      "dev": true,
      "optional": true
    },
    "node_modules/inherits": {
      "version": "2.0.4",
      "resolved": "https://registry.npmjs.org/inherits/-/inherits-2.0.4.tgz",
      "integrity": "sha512-k/vGaX4/Yla3WzyMCvTQOXYeIHvqOKtnqBduzTHpzpQZzAskKMhZ2K+EnBiSM9zGSoIFeMpXKxa4dYeZIQqewQ==",
      "dev": true
    },
    "node_modules/is-audio-buffer": {
      "version": "1.1.0",
      "resolved": "https://registry.npmjs.org/is-audio-buffer/-/is-audio-buffer-1.1.0.tgz",
      "integrity": "sha512-fmPC/dizJmP4ITCsW5oTQGMJ9wZVE+A/zAe6FQo3XwgERxmXHmm3ON5XkWDAxmyxvsrDmWx3NArpSgamp/59AA==",
      "dev": true
    },
    "node_modules/is-browser": {
      "version": "2.1.0",
      "resolved": "https://registry.npmjs.org/is-browser/-/is-browser-2.1.0.tgz",
      "integrity": "sha512-F5rTJxDQ2sW81fcfOR1GnCXT6sVJC104fCyfj+mjpwNEwaPYSn5fte5jiHmBg3DHsIoL/l8Kvw5VN5SsTRcRFQ==",
      "dev": true
    },
    "node_modules/is-buffer": {
      "version": "1.1.6",
      "resolved": "https://registry.npmjs.org/is-buffer/-/is-buffer-1.1.6.tgz",
      "integrity": "sha512-NcdALwpXkTm5Zvvbk7owOUSvVvBKDgKP5/ewfXEznmQFfs4ZRmanOeKBTjRVjka3QFoN6XJ+9F3USqfHqTaU5w==",
      "dev": true
    },
    "node_modules/is-data-uri": {
      "version": "0.1.0",
      "resolved": "https://registry.npmjs.org/is-data-uri/-/is-data-uri-0.1.0.tgz",
      "integrity": "sha512-f8UoAIxZ+9xkHv19viLuXOD5PcbasuwT0Syq1socQZkHmNFV0DVIshld0TEjLPHG8t+kTmNHimht5NY3j5Pk5A==",
      "dev": true,
      "dependencies": {
        "data-uri-regex": "^0.1.2"
      },
      "engines": {
        "node": ">=0.10.0"
      }
    },
    "node_modules/is-plain-obj": {
      "version": "1.1.0",
      "resolved": "https://registry.npmjs.org/is-plain-obj/-/is-plain-obj-1.1.0.tgz",
      "integrity": "sha512-yvkRyxmFKEOQ4pNXCmJG5AEQNlXJS5LaONXo5/cLdTZdWvsZ1ioJEonLGAosKlMWE8lwUy/bJzMjcw8az73+Fg==",
      "dev": true,
      "engines": {
        "node": ">=0.10.0"
      }
    },
    "node_modules/is-promise": {
      "version": "2.2.2",
      "resolved": "https://registry.npmjs.org/is-promise/-/is-promise-2.2.2.tgz",
      "integrity": "sha512-+lP4/6lKUBfQjZ2pdxThZvLUAafmZb8OAxFb8XXtiQmS35INgr85hdOGoEs124ez1FCnZJt6jau/T+alh58QFQ==",
      "dev": true
    },
    "node_modules/mpg123-decoder": {
      "version": "0.4.3",
      "resolved": "https://registry.npmjs.org/mpg123-decoder/-/mpg123-decoder-0.4.3.tgz",
      "integrity": "sha512-PAqRcCZQ4s4WhJsWEQmKRsqEe83XS6IPYVIbxQA5ZWkxWNyMoPyIHZ0O0Njys9lwEFfFh67CrYGJTpVswe2SVQ==",
      "dependencies": {
        "@wasm-audio-decoders/common": "6.1.0"
      },
      "funding": {
        "type": "individual",
        "url": "https://github.com/sponsors/eshaz"
      }
    },
    "node_modules/ms": {
      "version": "2.1.2",
      "resolved": "https://registry.npmjs.org/ms/-/ms-2.1.2.tgz",
      "integrity": "sha512-sGkPx+VjMtmA6MX27oA4FBFELFCZZ4S4XqeGOXCv68tT+jb3vk/RyaKWP0PTKyWtmLSM0b+adUTEvbs1PEaH2w==",
      "dev": true,
      "optional": true
    },
    "node_modules/negative-index": {
      "version": "1.0.3",
      "resolved": "https://registry.npmjs.org/negative-index/-/negative-index-1.0.3.tgz",
      "integrity": "sha512-SzyzUmUYmerjD9gOEqizFRcDakY+Cf/59rOfqMi4bT212PN6g+jkUOjr/Sx9oOUOxi7qf6dsRwE0PPeRIq4DRw==",
      "dev": true,
      "dependencies": {
        "negative-zero": "^2.0.0"
      }
    },
    "node_modules/negative-zero": {
      "version": "2.0.0",
      "resolved": "https://registry.npmjs.org/negative-zero/-/negative-zero-2.0.0.tgz",
      "integrity": "sha512-OZYg1wcBGrFelnZ970V7SN5icAdXJ+KBn0x/AxN1DZEH82qIeFuqyPVS+9FaPtLAoD3GrDl+byffOVcOh+UvKg==",
      "dev": true,
      "engines": {
        "node": ">=4"
      }
    },
    "node_modules/node-wav": {
      "version": "0.0.2",
      "resolved": "https://registry.npmjs.org/node-wav/-/node-wav-0.0.2.tgz",
      "integrity": "sha512-M6Rm/bbG6De/gKGxOpeOobx/dnGuP0dz40adqx38boqHhlWssBJZgLCPBNtb9NkrmnKYiV04xELq+R6PFOnoLA==",
      "engines": {
        "node": ">=4.4.0"
      }
    },
    "node_modules/object-assign": {
      "version": "4.1.1",
      "resolved": "https://registry.npmjs.org/object-assign/-/object-assign-4.1.1.tgz",
      "integrity": "sha512-rJgTQnkUnH1sFw8yT6VSU3zD3sWmu6sZhIseY8VX+GRu3P6F7Fu+JNDoXfklElbLJSnc3FUQHVe4cU5hj+BcUg==",
      "dev": true,
      "engines": {
        "node": ">=0.10.0"
      }
    },
    "node_modules/ogg-opus-decoder": {
      "version": "1.5.3",
      "resolved": "https://registry.npmjs.org/ogg-opus-decoder/-/ogg-opus-decoder-1.5.3.tgz",
      "integrity": "sha512-K+ZOFWySAmTVtc6e4FnILXxoJreEfAk09mYnQs9jSjSfGN/Wd+OD5aDn/bzMEhDtL5MpJjV8JBznxkloiVb5Hg==",
      "dependencies": {
        "@wasm-audio-decoders/common": "6.1.0",
        "codec-parser": "2.2.0",
        "opus-decoder": "0.6.3"
      },
      "funding": {
        "type": "individual",
        "url": "https://github.com/sponsors/eshaz"
      }
    },
    "node_modules/opus-decoder": {
      "version": "0.6.3",
      "resolved": "https://registry.npmjs.org/opus-decoder/-/opus-decoder-0.6.3.tgz",
      "integrity": "sha512-i8PFV+CsZAlraYffTzwVXdUuEuMW9JuTo7r1NGI7sY4zUVVBKsYlPGDy+w8TdvlIB3lpcrgj/zjNVjQwsrCugw==",
      "dependencies": {
        "@wasm-audio-decoders/common": "6.1.0"
      },
      "funding": {
        "type": "individual",
        "url": "https://github.com/sponsors/eshaz"
      }
    },
    "node_modules/pcm-util": {
      "version": "2.1.0",
      "resolved": "https://registry.npmjs.org/pcm-util/-/pcm-util-2.1.0.tgz",
      "integrity": "sha512-gC6DtsnHJgOQ3Xp4ybdLclANWRi0YnL2ojn6HXznoqcL0kM3ZNcyGFIuRH/CKEy65VTGc2ZAL90m/IoqT5mGGQ==",
      "deprecated": "Not as cool as you may think. Look pcm-convert.",
      "dev": true,
      "dependencies": {
        "audio-buffer": "^3.0.0",
        "is-audio-buffer": "^1.0.1",
        "is-buffer": "^1.1.0",
        "to-array-buffer": "^1.0.0"
      }
    },
    "node_modules/pcm-util/node_modules/atob-lite": {
      "version": "1.0.0",
      "resolved": "https://registry.npmjs.org/atob-lite/-/atob-lite-1.0.0.tgz",
      "integrity": "sha512-ArXcmHR/vwSN37HLVap/Y5SKpz12CuEybxe1sIYl7th/S6SQPrVMNFt6rblJzCOAxn0SHbXpknUtqbAIeo3Aow==",
      "dev": true
    },
    "node_modules/pcm-util/node_modules/audio-buffer": {
      "version": "3.2.1",
      "resolved": "https://registry.npmjs.org/audio-buffer/-/audio-buffer-3.2.1.tgz",
      "integrity": "sha512-yQNZUatQ5dF7h4BezYLy6T9w4LHahMVXrncFZJjI+N44S3O0lEgZcicsSSdvgNk0gLii58Q4gTvSZyohYqRbfw==",
      "deprecated": "Depends on Web-Audio-API implementation. Use either web-audio-api, web-audio-js or web-audio-engine package.",
      "dev": true,
      "dependencies": {
        "audio-context": "^1.0.0",
        "buffer-to-arraybuffer": "latest",
        "is-audio-buffer": "^1.0.1",
        "is-browser": "^2.0.1",
        "is-buffer": "^1.1.0",
        "is-plain-obj": "^1.1.0"
      }
    },
    "node_modules/pcm-util/node_modules/to-array-buffer": {
      "version": "1.2.4",
      "resolved": "https://registry.npmjs.org/to-array-buffer/-/to-array-buffer-1.2.4.tgz",
      "integrity": "sha512-G/ZsRfvADjo6whwVpnhY0ZVgRs7Vs8f6NJcxYHZA2TpBAX5Fxavy4SyQ3RLqujkHVWDZ6a7jmzGjGkspdvu6Wg==",
      "dev": true,
      "dependencies": {
        "atob-lite": "^1.0.0",
        "is-audio-buffer": "^1.0.1",
        "is-data-uri": "^0.1.0"
      }
    },
    "node_modules/performance-now": {
      "version": "2.1.0",
      "resolved": "https://registry.npmjs.org/performance-now/-/performance-now-2.1.0.tgz",
      "integrity": "sha512-7EAHlyLHI56VEIdK57uwHdHKIaAGbnXPiw0yWbarQZOKaKpvUIgW0jWRVLiatnM+XXlSwsanIBH/hzGMJulMow==",
      "dev": true
    },
    "node_modules/pull-stream": {
      "version": "3.7.0",
      "resolved": "https://registry.npmjs.org/pull-stream/-/pull-stream-3.7.0.tgz",
      "integrity": "sha512-Eco+/R004UaCK2qEDE8vGklcTG2OeZSVm1kTUQNrykEjDwcFXDZhygFDsW49DbXyJMEhHeRL3z5cRVqPAhXlIw==",
      "dev": true
    },
    "node_modules/speaker": {
      "version": "0.5.4",
      "resolved": "https://registry.npmjs.org/speaker/-/speaker-0.5.4.tgz",
      "integrity": "sha512-0I35CJGgqU1rd/a3qVysR5gLlG+8QlzJcPAEnYvT0BLfuLdJ7JNdlQHwbh7ETNcXDXbzm2O148GEAoAER54Dvw==",
      "dev": true,
      "hasInstallScript": true,
      "optional": true,
      "dependencies": {
        "bindings": "^1.3.0",
        "buffer-alloc": "^1.1.0",
        "debug": "^4.0.0"
      },
      "engines": {
        "node": ">=8.6"
      }
    },
    "node_modules/tst": {
      "version": "7.1.1",
      "resolved": "https://registry.npmjs.org/tst/-/tst-7.1.1.tgz",
      "integrity": "sha512-8YzRv0WfbdXT6xiJasrH43D04PvzJONxLNSbLvWuXggKLmVJFYxG6DnXaWZNw4SOPoCYw6AaUxCfNf887TzVHw==",
      "dev": true
    },
    "node_modules/typedarray-methods": {
      "version": "1.0.1",
      "resolved": "https://registry.npmjs.org/typedarray-methods/-/typedarray-methods-1.0.1.tgz",
      "integrity": "sha512-fstWAa225OZ856/4npMqgJP6U1U3vTWnqkn9wokZXzME9pORW9dV8u/v1VRGpo584udKMvCIYlNXzKoIb+UUGg==",
      "dev": true
    },
    "node_modules/web-audio-stream": {
      "version": "3.0.1",
      "resolved": "https://registry.npmjs.org/web-audio-stream/-/web-audio-stream-3.0.1.tgz",
      "integrity": "sha512-doFZu9H4hMtU5mxakGCsoKVyTUaUPYl3L9xoW9Za6hv2r+tHYWa1ZcAOpSUO/7OkFEkLKdt5cHS4db9R9VYRTw==",
      "deprecated": "So nice name, such awful API, look. Have a look at web-audio-write better, or web-audio-read.",
      "dev": true,
      "dependencies": {
        "audio-buffer-list": "^2.0.6",
        "audio-buffer-utils": "^4.3.0",
        "audio-context": "^1.0.0",
        "inherits": "^2.0.1",
        "is-audio-buffer": "^1.0.1",
        "is-plain-obj": "^1.1.0",
        "object-assign": "^4.1.1",
        "pcm-util": "^2.1.0",
        "pull-stream": "^3.4.4"
      }
    },
    "node_modules/web-audio-stream/node_modules/audio-buffer": {
      "version": "3.2.1",
      "resolved": "https://registry.npmjs.org/audio-buffer/-/audio-buffer-3.2.1.tgz",
      "integrity": "sha512-yQNZUatQ5dF7h4BezYLy6T9w4LHahMVXrncFZJjI+N44S3O0lEgZcicsSSdvgNk0gLii58Q4gTvSZyohYqRbfw==",
      "deprecated": "Depends on Web-Audio-API implementation. Use either web-audio-api, web-audio-js or web-audio-engine package.",
      "dev": true,
      "dependencies": {
        "audio-context": "^1.0.0",
        "buffer-to-arraybuffer": "latest",
        "is-audio-buffer": "^1.0.1",
        "is-browser": "^2.0.1",
        "is-buffer": "^1.1.0",
        "is-plain-obj": "^1.1.0"
      }
    },
    "node_modules/web-audio-stream/node_modules/audio-buffer-utils": {
      "version": "4.3.2",
      "resolved": "https://registry.npmjs.org/audio-buffer-utils/-/audio-buffer-utils-4.3.2.tgz",
      "integrity": "sha512-4SV84QDCwatJTmsXZjMy9RyBv/vEoLp0BOkeGUX8/D7RS+daA3yCT18pp4J+MV9YUwADUoNXwzhhMnhUYQ8n3A==",
      "dev": true,
      "dependencies": {
        "audio-buffer": "^3.1.1",
        "audio-context": "^1.0.0",
        "clamp": "^1.0.1",
        "is-audio-buffer": "^1.0.0",
        "is-browser": "^2.0.1",
        "negative-index": "^1.0.2",
        "typedarray-methods": "^1.0.0"
      }
    },
    "node_modules/xtend": {
      "version": "4.0.2",
      "resolved": "https://registry.npmjs.org/xtend/-/xtend-4.0.2.tgz",
      "integrity": "sha512-LKYU1iAXJXUgAXn9URjiu+MWhyUXHsvfp7mcuYm9dSUKK0/CjtrUwFAxD82/mCWbtLsGjFIad0wIsod4zrTAEQ==",
      "dev": true,
      "optional": true,
      "engines": {
        "node": ">=0.4"
      }
    }
  },
  "dependencies": {
    "@eshaz/web-worker": {
      "version": "1.2.0",
      "resolved": "https://registry.npmjs.org/@eshaz/web-worker/-/web-worker-1.2.0.tgz",
      "integrity": "sha512-HWobmNKFZ8eARo39vEjkviTIISudgzrTyAqab9pOB/qNfnUPIUUMZv6+eEUUfXnkqWCLS3zreTn9YzaRvO8vIA=="
    },
    "@wasm-audio-decoders/common": {
      "version": "6.1.0",
      "resolved": "https://registry.npmjs.org/@wasm-audio-decoders/common/-/common-6.1.0.tgz",
      "integrity": "sha512-uWjPUq8VNnNsn8KYZDwlDJFsjDKumCT9S3lADMQbcqbImch777CrrGzh7jfmFNrumpNfPNL2SGmzm5JhWHbG/g==",
      "requires": {
        "@eshaz/web-worker": "1.2.0"
      }
    },
    "@wasm-audio-decoders/flac": {
      "version": "0.1.3",
      "resolved": "https://registry.npmjs.org/@wasm-audio-decoders/flac/-/flac-0.1.3.tgz",
      "integrity": "sha512-K6wdbAgH6ySXpM8RW14GBr8Htdb9Qm4bfvb3VJnvzgajaSEHIeCrgD/d5qHvPxjF3ENSHHTM0kVjo5NXUsXW2w==",
      "requires": {
        "@wasm-audio-decoders/common": "6.1.0",
        "codec-parser": "2.2.0"
      }
    },
    "@wasm-audio-decoders/ogg-vorbis": {
      "version": "0.0.1",
      "resolved": "https://registry.npmjs.org/@wasm-audio-decoders/ogg-vorbis/-/ogg-vorbis-0.0.1.tgz",
      "integrity": "sha512-Y2B1nPOW/LTfsH7hnf/uiIXt4thadB3TjM+mol4WNqnbyAaLh8+BodT0NRLi4XcDrDPfIoEkl+1zDkY40MToQA==",
      "requires": {
        "@wasm-audio-decoders/common": "6.1.0",
        "codec-parser": "2.2.0"
      }
    },
    "atob": {
      "version": "2.1.2",
      "resolved": "https://registry.npmjs.org/atob/-/atob-2.1.2.tgz",
      "integrity": "sha512-Wm6ukoaOGJi/73p/cl2GvLjTI5JM1k/O14isD73YML8StrH/7/lRFgmg8nICZgD3bZZvjwCGxtMOD3wWNAu8cg==",
      "dev": true
    },
    "audio-buffer": {
      "version": "5.0.0",
      "resolved": "https://registry.npmjs.org/audio-buffer/-/audio-buffer-5.0.0.tgz",
      "integrity": "sha512-gsDyj1wwUp8u7NBB+eW6yhLb9ICf+0eBmDX8NGaAS00w8/fLqFdxUlL5Ge/U8kB64DlQhdonxYC59dXy1J7H/w=="
    },
    "audio-buffer-list": {
      "version": "2.0.7",
      "resolved": "https://registry.npmjs.org/audio-buffer-list/-/audio-buffer-list-2.0.7.tgz",
      "integrity": "sha512-bj4YkkuyY896C64wqEp78QwolqfEwjTtxEKjWHoZAOy1T5DmpMgU7PEndvA0KmcgEWiRoUqdnwyL2wc59vuW2A==",
      "dev": true,
      "requires": {
        "audio-buffer": "^3.0.0",
        "audio-buffer-utils": "^4.1.1",
        "inherits": "^2.0.3",
        "is-audio-buffer": "^1.0.5",
        "is-plain-obj": "^1.1.0",
        "negative-index": "^1.0.2",
        "object-assign": "^4.1.1"
      },
      "dependencies": {
        "audio-buffer": {
          "version": "3.2.1",
          "resolved": "https://registry.npmjs.org/audio-buffer/-/audio-buffer-3.2.1.tgz",
          "integrity": "sha512-yQNZUatQ5dF7h4BezYLy6T9w4LHahMVXrncFZJjI+N44S3O0lEgZcicsSSdvgNk0gLii58Q4gTvSZyohYqRbfw==",
          "dev": true,
          "requires": {
            "audio-context": "^1.0.0",
            "buffer-to-arraybuffer": "latest",
            "is-audio-buffer": "^1.0.1",
            "is-browser": "^2.0.1",
            "is-buffer": "^1.1.0",
            "is-plain-obj": "^1.1.0"
          }
        },
        "audio-buffer-utils": {
          "version": "4.3.2",
          "resolved": "https://registry.npmjs.org/audio-buffer-utils/-/audio-buffer-utils-4.3.2.tgz",
          "integrity": "sha512-4SV84QDCwatJTmsXZjMy9RyBv/vEoLp0BOkeGUX8/D7RS+daA3yCT18pp4J+MV9YUwADUoNXwzhhMnhUYQ8n3A==",
          "dev": true,
          "requires": {
            "audio-buffer": "^3.1.1",
            "audio-context": "^1.0.0",
            "clamp": "^1.0.1",
            "is-audio-buffer": "^1.0.0",
            "is-browser": "^2.0.1",
            "negative-index": "^1.0.2",
            "typedarray-methods": "^1.0.0"
          }
        }
      }
    },
    "audio-context": {
      "version": "1.0.3",
      "resolved": "https://registry.npmjs.org/audio-context/-/audio-context-1.0.3.tgz",
      "integrity": "sha512-RH3/rM74f2ITlohhjgC7oYZVS97wtv/SEjXLCzEinnrIPIDxc39m2aFc6wmdkM0NYRKo1DMleYPMAIbnTRW0eA==",
      "dev": true
    },
    "audio-lena": {
      "version": "2.2.1",
      "resolved": "https://registry.npmjs.org/audio-lena/-/audio-lena-2.2.1.tgz",
      "integrity": "sha512-YBQ4FQpPLbyeMiCB/Mxp1R4xfUkQKWxu7bwkPmm+peroayCJD0f32MEaLDj6LoA/PvNvRUaUnCm9seKWaM0bug==",
      "dev": true,
      "requires": {
        "atob": "^2.0.3"
      }
    },
    "audio-sink": {
      "version": "1.1.6",
      "resolved": "https://registry.npmjs.org/audio-sink/-/audio-sink-1.1.6.tgz",
      "integrity": "sha512-RoaAZV7WTgAk036LXdWZ5sjqvBZ9yx6cgPbpSUVZxWLO0bKUu+WTG2f/sFuI34FvwlwI8pBP5boHgdezVYV6vg==",
      "dev": true,
      "optional": true,
      "requires": {
        "inherits": "^2.0.1",
        "xtend": "^4.0.1"
      }
    },
    "audio-speaker": {
      "version": "1.5.1",
      "resolved": "https://registry.npmjs.org/audio-speaker/-/audio-speaker-1.5.1.tgz",
      "integrity": "sha512-FoTKQGSz9xZPOTAylfMWVKoyKZD3tcjm94AVsngkDrt7ohTVlPCX+lb0KcDD57rI0dPJprFO5GSxEbJUE3Jj+Q==",
      "dev": true,
      "requires": {
        "audio-sink": "^1.0.2",
        "audio-through": "^2.2.3",
        "inherits": "^2.0.1",
        "is-audio-buffer": "^1.0.1",
        "pcm-util": "^2.1.0",
        "pull-stream": "^3.4.5",
        "speaker": "^0.5.3",
        "web-audio-stream": "^3.0.1"
      }
    },
    "audio-through": {
      "version": "2.2.3",
      "resolved": "https://registry.npmjs.org/audio-through/-/audio-through-2.2.3.tgz",
      "integrity": "sha512-geifBAjr4srD/jl7ZizmKLlSs20tg7dHJnFkCr8NFrVC2QiKQLqVqylH3g4zSWDqu3RyrVsALpAQ66LnyZlBfg==",
      "dev": true,
      "requires": {
        "audio-buffer": "^3.1.1",
        "audio-context": "^1.0.0",
        "inherits": "^2.0.1",
        "is-audio-buffer": "^1.0.1",
        "is-promise": "^2.1.0",
        "object-assign": "^4.1.1",
        "pcm-util": "^2.0.1",
        "performance-now": "^2.1.0"
      },
      "dependencies": {
        "audio-buffer": {
          "version": "3.2.1",
          "resolved": "https://registry.npmjs.org/audio-buffer/-/audio-buffer-3.2.1.tgz",
          "integrity": "sha512-yQNZUatQ5dF7h4BezYLy6T9w4LHahMVXrncFZJjI+N44S3O0lEgZcicsSSdvgNk0gLii58Q4gTvSZyohYqRbfw==",
          "dev": true,
          "requires": {
            "audio-context": "^1.0.0",
            "buffer-to-arraybuffer": "latest",
            "is-audio-buffer": "^1.0.1",
            "is-browser": "^2.0.1",
            "is-buffer": "^1.1.0",
            "is-plain-obj": "^1.1.0"
          }
        }
      }
    },
    "audio-type": {
      "version": "2.1.1",
      "resolved": "https://registry.npmjs.org/audio-type/-/audio-type-2.1.1.tgz",
      "integrity": "sha512-1+gm832rCEj+SYLFRlAEwjJNa3RpLtQhnDapBCmYoISRwqfx2GLP9LpiUGIpSoGtd0XKRNipN2J+PfkIi/a8Xg=="
    },
    "bindings": {
      "version": "1.5.0",
      "resolved": "https://registry.npmjs.org/bindings/-/bindings-1.5.0.tgz",
      "integrity": "sha512-p2q/t/mhvuOj/UeLlV6566GD/guowlr0hHxClI0W9m7MWYkL1F0hLo+0Aexs9HSPCtR1SXQ0TD3MMKrXZajbiQ==",
      "dev": true,
      "optional": true,
      "requires": {
        "file-uri-to-path": "1.0.0"
      }
    },
    "buffer-alloc": {
      "version": "1.2.0",
      "resolved": "https://registry.npmjs.org/buffer-alloc/-/buffer-alloc-1.2.0.tgz",
      "integrity": "sha512-CFsHQgjtW1UChdXgbyJGtnm+O/uLQeZdtbDo8mfUgYXCHSM1wgrVxXm6bSyrUuErEb+4sYVGCzASBRot7zyrow==",
      "dev": true,
      "optional": true,
      "requires": {
        "buffer-alloc-unsafe": "^1.1.0",
        "buffer-fill": "^1.0.0"
      }
    },
    "buffer-alloc-unsafe": {
      "version": "1.1.0",
      "resolved": "https://registry.npmjs.org/buffer-alloc-unsafe/-/buffer-alloc-unsafe-1.1.0.tgz",
      "integrity": "sha512-TEM2iMIEQdJ2yjPJoSIsldnleVaAk1oW3DBVUykyOLsEsFmEc9kn+SFFPz+gl54KQNxlDnAwCXosOS9Okx2xAg==",
      "dev": true,
      "optional": true
    },
    "buffer-fill": {
      "version": "1.0.0",
      "resolved": "https://registry.npmjs.org/buffer-fill/-/buffer-fill-1.0.0.tgz",
      "integrity": "sha512-T7zexNBwiiaCOGDg9xNX9PBmjrubblRkENuptryuI64URkXDFum9il/JGL8Lm8wYfAXpredVXXZz7eMHilimiQ==",
      "dev": true,
      "optional": true
    },
    "buffer-to-arraybuffer": {
      "version": "0.0.6",
      "resolved": "https://registry.npmjs.org/buffer-to-arraybuffer/-/buffer-to-arraybuffer-0.0.6.tgz",
      "integrity": "sha512-i/ndmmCF5QC1D75QCO1EPwYRPIVRVs2yLwkl2bc8R5P1ORHGZZAbTwmYM/vpXt7KzCe+Y57E8YPGTJywgWBNRw==",
      "dev": true
    },
    "clamp": {
      "version": "1.0.1",
      "resolved": "https://registry.npmjs.org/clamp/-/clamp-1.0.1.tgz",
      "integrity": "sha512-kgMuFyE78OC6Dyu3Dy7vcx4uy97EIbVxJB/B0eJ3bUNAkwdNcxYzgKltnyADiYwsR7SEqkkUPsEUT//OVS6XMA==",
      "dev": true
    },
    "codec-parser": {
      "version": "2.2.0",
      "resolved": "https://registry.npmjs.org/codec-parser/-/codec-parser-2.2.0.tgz",
      "integrity": "sha512-dD1VU8I7rmBhyWNYcwqlHIhVJ9ct3fiYRTJX8siuOxc9MMhpn0W3zuI1BUH0wtZWByb6Afe4tvM20Hcev5xqfQ=="
    },
    "data-uri-regex": {
      "version": "0.1.4",
      "resolved": "https://registry.npmjs.org/data-uri-regex/-/data-uri-regex-0.1.4.tgz",
      "integrity": "sha512-QnJ3LVGIitKfO1wZ08l+0cpQUNdEGRDKR0kH2prNvbfBUk0zVn7A6KSTvETGqD2BI1h1CgdqY4X8bEjKu4CdXA==",
      "dev": true
    },
    "debug": {
      "version": "4.3.4",
      "resolved": "https://registry.npmjs.org/debug/-/debug-4.3.4.tgz",
      "integrity": "sha512-PRWFHuSU3eDtQJPvnNY7Jcket1j0t5OuOsFzPPzsekD52Zl8qUfFIPEiswXqIvHWGVHOgX+7G/vCNNhehwxfkQ==",
      "dev": true,
      "optional": true,
      "requires": {
        "ms": "2.1.2"
      }
    },
    "file-uri-to-path": {
      "version": "1.0.0",
      "resolved": "https://registry.npmjs.org/file-uri-to-path/-/file-uri-to-path-1.0.0.tgz",
      "integrity": "sha512-0Zt+s3L7Vf1biwWZ29aARiVYLx7iMGnEUl9x33fbB/j3jR81u/O2LbqK+Bm1CDSNDKVtJ/YjwY7TUd5SkeLQLw==",
      "dev": true,
      "optional": true
    },
    "inherits": {
      "version": "2.0.4",
      "resolved": "https://registry.npmjs.org/inherits/-/inherits-2.0.4.tgz",
      "integrity": "sha512-k/vGaX4/Yla3WzyMCvTQOXYeIHvqOKtnqBduzTHpzpQZzAskKMhZ2K+EnBiSM9zGSoIFeMpXKxa4dYeZIQqewQ==",
      "dev": true
    },
    "is-audio-buffer": {
      "version": "1.1.0",
      "resolved": "https://registry.npmjs.org/is-audio-buffer/-/is-audio-buffer-1.1.0.tgz",
      "integrity": "sha512-fmPC/dizJmP4ITCsW5oTQGMJ9wZVE+A/zAe6FQo3XwgERxmXHmm3ON5XkWDAxmyxvsrDmWx3NArpSgamp/59AA==",
      "dev": true
    },
    "is-browser": {
      "version": "2.1.0",
      "resolved": "https://registry.npmjs.org/is-browser/-/is-browser-2.1.0.tgz",
      "integrity": "sha512-F5rTJxDQ2sW81fcfOR1GnCXT6sVJC104fCyfj+mjpwNEwaPYSn5fte5jiHmBg3DHsIoL/l8Kvw5VN5SsTRcRFQ==",
      "dev": true
    },
    "is-buffer": {
      "version": "1.1.6",
      "resolved": "https://registry.npmjs.org/is-buffer/-/is-buffer-1.1.6.tgz",
      "integrity": "sha512-NcdALwpXkTm5Zvvbk7owOUSvVvBKDgKP5/ewfXEznmQFfs4ZRmanOeKBTjRVjka3QFoN6XJ+9F3USqfHqTaU5w==",
      "dev": true
    },
    "is-data-uri": {
      "version": "0.1.0",
      "resolved": "https://registry.npmjs.org/is-data-uri/-/is-data-uri-0.1.0.tgz",
      "integrity": "sha512-f8UoAIxZ+9xkHv19viLuXOD5PcbasuwT0Syq1socQZkHmNFV0DVIshld0TEjLPHG8t+kTmNHimht5NY3j5Pk5A==",
      "dev": true,
      "requires": {
        "data-uri-regex": "^0.1.2"
      }
    },
    "is-plain-obj": {
      "version": "1.1.0",
      "resolved": "https://registry.npmjs.org/is-plain-obj/-/is-plain-obj-1.1.0.tgz",
      "integrity": "sha512-yvkRyxmFKEOQ4pNXCmJG5AEQNlXJS5LaONXo5/cLdTZdWvsZ1ioJEonLGAosKlMWE8lwUy/bJzMjcw8az73+Fg==",
      "dev": true
    },
    "is-promise": {
      "version": "2.2.2",
      "resolved": "https://registry.npmjs.org/is-promise/-/is-promise-2.2.2.tgz",
      "integrity": "sha512-+lP4/6lKUBfQjZ2pdxThZvLUAafmZb8OAxFb8XXtiQmS35INgr85hdOGoEs124ez1FCnZJt6jau/T+alh58QFQ==",
      "dev": true
    },
    "mpg123-decoder": {
      "version": "0.4.3",
      "resolved": "https://registry.npmjs.org/mpg123-decoder/-/mpg123-decoder-0.4.3.tgz",
      "integrity": "sha512-PAqRcCZQ4s4WhJsWEQmKRsqEe83XS6IPYVIbxQA5ZWkxWNyMoPyIHZ0O0Njys9lwEFfFh67CrYGJTpVswe2SVQ==",
      "requires": {
        "@wasm-audio-decoders/common": "6.1.0"
      }
    },
    "ms": {
      "version": "2.1.2",
      "resolved": "https://registry.npmjs.org/ms/-/ms-2.1.2.tgz",
      "integrity": "sha512-sGkPx+VjMtmA6MX27oA4FBFELFCZZ4S4XqeGOXCv68tT+jb3vk/RyaKWP0PTKyWtmLSM0b+adUTEvbs1PEaH2w==",
      "dev": true,
      "optional": true
    },
    "negative-index": {
      "version": "1.0.3",
      "resolved": "https://registry.npmjs.org/negative-index/-/negative-index-1.0.3.tgz",
      "integrity": "sha512-SzyzUmUYmerjD9gOEqizFRcDakY+Cf/59rOfqMi4bT212PN6g+jkUOjr/Sx9oOUOxi7qf6dsRwE0PPeRIq4DRw==",
      "dev": true,
      "requires": {
        "negative-zero": "^2.0.0"
      }
    },
    "negative-zero": {
      "version": "2.0.0",
      "resolved": "https://registry.npmjs.org/negative-zero/-/negative-zero-2.0.0.tgz",
      "integrity": "sha512-OZYg1wcBGrFelnZ970V7SN5icAdXJ+KBn0x/AxN1DZEH82qIeFuqyPVS+9FaPtLAoD3GrDl+byffOVcOh+UvKg==",
      "dev": true
    },
    "node-wav": {
      "version": "0.0.2",
      "resolved": "https://registry.npmjs.org/node-wav/-/node-wav-0.0.2.tgz",
      "integrity": "sha512-M6Rm/bbG6De/gKGxOpeOobx/dnGuP0dz40adqx38boqHhlWssBJZgLCPBNtb9NkrmnKYiV04xELq+R6PFOnoLA=="
    },
    "object-assign": {
      "version": "4.1.1",
      "resolved": "https://registry.npmjs.org/object-assign/-/object-assign-4.1.1.tgz",
      "integrity": "sha512-rJgTQnkUnH1sFw8yT6VSU3zD3sWmu6sZhIseY8VX+GRu3P6F7Fu+JNDoXfklElbLJSnc3FUQHVe4cU5hj+BcUg==",
      "dev": true
    },
    "ogg-opus-decoder": {
      "version": "1.5.3",
      "resolved": "https://registry.npmjs.org/ogg-opus-decoder/-/ogg-opus-decoder-1.5.3.tgz",
      "integrity": "sha512-K+ZOFWySAmTVtc6e4FnILXxoJreEfAk09mYnQs9jSjSfGN/Wd+OD5aDn/bzMEhDtL5MpJjV8JBznxkloiVb5Hg==",
      "requires": {
        "@wasm-audio-decoders/common": "6.1.0",
        "codec-parser": "2.2.0",
        "opus-decoder": "0.6.3"
      }
    },
    "opus-decoder": {
      "version": "0.6.3",
      "resolved": "https://registry.npmjs.org/opus-decoder/-/opus-decoder-0.6.3.tgz",
      "integrity": "sha512-i8PFV+CsZAlraYffTzwVXdUuEuMW9JuTo7r1NGI7sY4zUVVBKsYlPGDy+w8TdvlIB3lpcrgj/zjNVjQwsrCugw==",
      "requires": {
        "@wasm-audio-decoders/common": "6.1.0"
      }
    },
    "pcm-util": {
      "version": "2.1.0",
      "resolved": "https://registry.npmjs.org/pcm-util/-/pcm-util-2.1.0.tgz",
      "integrity": "sha512-gC6DtsnHJgOQ3Xp4ybdLclANWRi0YnL2ojn6HXznoqcL0kM3ZNcyGFIuRH/CKEy65VTGc2ZAL90m/IoqT5mGGQ==",
      "dev": true,
      "requires": {
        "audio-buffer": "^3.0.0",
        "is-audio-buffer": "^1.0.1",
        "is-buffer": "^1.1.0",
        "to-array-buffer": "^1.0.0"
      },
      "dependencies": {
        "atob-lite": {
          "version": "1.0.0",
          "resolved": "https://registry.npmjs.org/atob-lite/-/atob-lite-1.0.0.tgz",
          "integrity": "sha512-ArXcmHR/vwSN37HLVap/Y5SKpz12CuEybxe1sIYl7th/S6SQPrVMNFt6rblJzCOAxn0SHbXpknUtqbAIeo3Aow==",
          "dev": true
        },
        "audio-buffer": {
          "version": "3.2.1",
          "resolved": "https://registry.npmjs.org/audio-buffer/-/audio-buffer-3.2.1.tgz",
          "integrity": "sha512-yQNZUatQ5dF7h4BezYLy6T9w4LHahMVXrncFZJjI+N44S3O0lEgZcicsSSdvgNk0gLii58Q4gTvSZyohYqRbfw==",
          "dev": true,
          "requires": {
            "audio-context": "^1.0.0",
            "buffer-to-arraybuffer": "latest",
            "is-audio-buffer": "^1.0.1",
            "is-browser": "^2.0.1",
            "is-buffer": "^1.1.0",
            "is-plain-obj": "^1.1.0"
          }
        },
        "to-array-buffer": {
          "version": "1.2.4",
          "resolved": "https://registry.npmjs.org/to-array-buffer/-/to-array-buffer-1.2.4.tgz",
          "integrity": "sha512-G/ZsRfvADjo6whwVpnhY0ZVgRs7Vs8f6NJcxYHZA2TpBAX5Fxavy4SyQ3RLqujkHVWDZ6a7jmzGjGkspdvu6Wg==",
          "dev": true,
          "requires": {
            "atob-lite": "^1.0.0",
            "is-audio-buffer": "^1.0.1",
            "is-data-uri": "^0.1.0"
          }
        }
      }
    },
    "performance-now": {
      "version": "2.1.0",
      "resolved": "https://registry.npmjs.org/performance-now/-/performance-now-2.1.0.tgz",
      "integrity": "sha512-7EAHlyLHI56VEIdK57uwHdHKIaAGbnXPiw0yWbarQZOKaKpvUIgW0jWRVLiatnM+XXlSwsanIBH/hzGMJulMow==",
      "dev": true
    },
    "pull-stream": {
      "version": "3.7.0",
      "resolved": "https://registry.npmjs.org/pull-stream/-/pull-stream-3.7.0.tgz",
      "integrity": "sha512-Eco+/R004UaCK2qEDE8vGklcTG2OeZSVm1kTUQNrykEjDwcFXDZhygFDsW49DbXyJMEhHeRL3z5cRVqPAhXlIw==",
      "dev": true
    },
    "speaker": {
      "version": "0.5.4",
      "resolved": "https://registry.npmjs.org/speaker/-/speaker-0.5.4.tgz",
      "integrity": "sha512-0I35CJGgqU1rd/a3qVysR5gLlG+8QlzJcPAEnYvT0BLfuLdJ7JNdlQHwbh7ETNcXDXbzm2O148GEAoAER54Dvw==",
      "dev": true,
      "optional": true,
      "requires": {
        "bindings": "^1.3.0",
        "buffer-alloc": "^1.1.0",
        "debug": "^4.0.0"
      }
    },
    "tst": {
      "version": "7.1.1",
      "resolved": "https://registry.npmjs.org/tst/-/tst-7.1.1.tgz",
      "integrity": "sha512-8YzRv0WfbdXT6xiJasrH43D04PvzJONxLNSbLvWuXggKLmVJFYxG6DnXaWZNw4SOPoCYw6AaUxCfNf887TzVHw==",
      "dev": true
    },
    "typedarray-methods": {
      "version": "1.0.1",
      "resolved": "https://registry.npmjs.org/typedarray-methods/-/typedarray-methods-1.0.1.tgz",
      "integrity": "sha512-fstWAa225OZ856/4npMqgJP6U1U3vTWnqkn9wokZXzME9pORW9dV8u/v1VRGpo584udKMvCIYlNXzKoIb+UUGg==",
      "dev": true
    },
    "web-audio-stream": {
      "version": "3.0.1",
      "resolved": "https://registry.npmjs.org/web-audio-stream/-/web-audio-stream-3.0.1.tgz",
      "integrity": "sha512-doFZu9H4hMtU5mxakGCsoKVyTUaUPYl3L9xoW9Za6hv2r+tHYWa1ZcAOpSUO/7OkFEkLKdt5cHS4db9R9VYRTw==",
      "dev": true,
      "requires": {
        "audio-buffer-list": "^2.0.6",
        "audio-buffer-utils": "^4.3.0",
        "audio-context": "^1.0.0",
        "inherits": "^2.0.1",
        "is-audio-buffer": "^1.0.1",
        "is-plain-obj": "^1.1.0",
        "object-assign": "^4.1.1",
        "pcm-util": "^2.1.0",
        "pull-stream": "^3.4.4"
      },
      "dependencies": {
        "audio-buffer": {
          "version": "3.2.1",
          "resolved": "https://registry.npmjs.org/audio-buffer/-/audio-buffer-3.2.1.tgz",
          "integrity": "sha512-yQNZUatQ5dF7h4BezYLy6T9w4LHahMVXrncFZJjI+N44S3O0lEgZcicsSSdvgNk0gLii58Q4gTvSZyohYqRbfw==",
          "dev": true,
          "requires": {
            "audio-context": "^1.0.0",
            "buffer-to-arraybuffer": "latest",
            "is-audio-buffer": "^1.0.1",
            "is-browser": "^2.0.1",
            "is-buffer": "^1.1.0",
            "is-plain-obj": "^1.1.0"
          }
        },
        "audio-buffer-utils": {
          "version": "4.3.2",
          "resolved": "https://registry.npmjs.org/audio-buffer-utils/-/audio-buffer-utils-4.3.2.tgz",
          "integrity": "sha512-4SV84QDCwatJTmsXZjMy9RyBv/vEoLp0BOkeGUX8/D7RS+daA3yCT18pp4J+MV9YUwADUoNXwzhhMnhUYQ8n3A==",
          "dev": true,
          "requires": {
            "audio-buffer": "^3.1.1",
            "audio-context": "^1.0.0",
            "clamp": "^1.0.1",
            "is-audio-buffer": "^1.0.0",
            "is-browser": "^2.0.1",
            "negative-index": "^1.0.2",
            "typedarray-methods": "^1.0.0"
          }
        }
      }
    },
    "xtend": {
      "version": "4.0.2",
      "resolved": "https://registry.npmjs.org/xtend/-/xtend-4.0.2.tgz",
      "integrity": "sha512-LKYU1iAXJXUgAXn9URjiu+MWhyUXHsvfp7mcuYm9dSUKK0/CjtrUwFAxD82/mCWbtLsGjFIad0wIsod4zrTAEQ==",
      "dev": true,
      "optional": true
    }
  }
}
